
Microsoft Visual Studio Solution File, Format Version 12.00
# Visual Studio 15
VisualStudioVersion = 15.0.28010.0
MinimumVisualStudioVersion = 10.0.40219.1
Project("{888888A0-9F3D-457C-B088-3A5042F75D52}") = "01-basic", "01-basic\01-basic.pyproj", "{C925E890-C151-4482-AF99-1C7E309384BF}"
EndProject
Global
	GlobalSection(SolutionConfigurationPlatforms) = preSolution
		Debug|Any CPU = Debug|Any CPU
		Release|Any CPU = Release|Any CPU
	EndGlobalSection
	GlobalSection(ProjectConfigurationPlatforms) = postSolution
		{C925E890-C151-4482-AF99-1C7E309384BF}.Debug|Any CPU.ActiveCfg = Debug|Any CPU
		{C925E890-C151-4482-AF99-1C7E309384BF}.Release|Any CPU.ActiveCfg = Release|Any CPU
	EndGlobalSection
	GlobalSection(SolutionProperties) = preSolution
		HideSolutionNode = FALSE
	EndGlobalSection
	GlobalSection(ExtensibilityGlobals) = postSolution
		SolutionGuid = {6B16C673-8122-404F-8F9E-3A9449042EE0}
	EndGlobalSection
EndGlobal
